{
    "version": 3,
    "terraform_version": "0.11.14",
    "serial": 3,
    "lineage": "95f602af-0d93-211d-5f78-0db33a56e98b",
    "modules": [
        {
            "path": [
                "root"
            ],
            "outputs": {},
            "resources": {
                "azurerm_network_security_group.myterraformnsg": {
                    "type": "azurerm_network_security_group",
                    "depends_on": [
                        "azurerm_resource_group.myterraformgroup"
                    ],
                    "primary": {
                        "id": "/subscriptions/dbd0e577-a0ff-42b1-83a1-91960c615cb9/resourceGroups/myResourceGroup/providers/Microsoft.Network/networkSecurityGroups/myNetworkSecurityGroup",
                        "attributes": {
                            "id": "/subscriptions/dbd0e577-a0ff-42b1-83a1-91960c615cb9/resourceGroups/myResourceGroup/providers/Microsoft.Network/networkSecurityGroups/myNetworkSecurityGroup",
                            "location": "eastus",
                            "name": "myNetworkSecurityGroup",
                            "resource_group_name": "myResourceGroup",
                            "security_rule.#": "1",
                            "security_rule.2090309246.access": "Allow",
                            "security_rule.2090309246.description": "",
                            "security_rule.2090309246.destination_address_prefix": "*",
                            "security_rule.2090309246.destination_address_prefixes.#": "0",
                            "security_rule.2090309246.destination_application_security_group_ids.#": "0",
                            "security_rule.2090309246.destination_port_range": "22",
                            "security_rule.2090309246.destination_port_ranges.#": "0",
                            "security_rule.2090309246.direction": "Inbound",
                            "security_rule.2090309246.name": "SSH",
                            "security_rule.2090309246.priority": "1001",
                            "security_rule.2090309246.protocol": "Tcp",
                            "security_rule.2090309246.source_address_prefix": "*",
                            "security_rule.2090309246.source_address_prefixes.#": "0",
                            "security_rule.2090309246.source_application_security_group_ids.#": "0",
                            "security_rule.2090309246.source_port_range": "*",
                            "security_rule.2090309246.source_port_ranges.#": "0",
                            "tags.%": "1",
                            "tags.environment": "Terraform Demo"
                        },
                        "meta": {},
                        "tainted": false
                    },
                    "deposed": [],
                    "provider": "provider.azurerm"
                },
                "azurerm_public_ip.myterraformpublicip": {
                    "type": "azurerm_public_ip",
                    "depends_on": [
                        "azurerm_resource_group.myterraformgroup"
                    ],
                    "primary": {
                        "id": "/subscriptions/dbd0e577-a0ff-42b1-83a1-91960c615cb9/resourceGroups/myResourceGroup/providers/Microsoft.Network/publicIPAddresses/myPublicIP",
                        "attributes": {
                            "allocation_method": "Dynamic",
                            "id": "/subscriptions/dbd0e577-a0ff-42b1-83a1-91960c615cb9/resourceGroups/myResourceGroup/providers/Microsoft.Network/publicIPAddresses/myPublicIP",
                            "idle_timeout_in_minutes": "4",
                            "ip_address": "",
                            "ip_version": "IPv4",
                            "location": "eastus",
                            "name": "myPublicIP",
                            "public_ip_address_allocation": "Dynamic",
                            "resource_group_name": "myResourceGroup",
                            "sku": "Basic",
                            "tags.%": "1",
                            "tags.environment": "Terraform Demo",
                            "zones.#": "0"
                        },
                        "meta": {},
                        "tainted": false
                    },
                    "deposed": [],
                    "provider": "provider.azurerm"
                },
                "azurerm_resource_group.myterraformgroup": {
                    "type": "azurerm_resource_group",
                    "depends_on": [],
                    "primary": {
                        "id": "/subscriptions/dbd0e577-a0ff-42b1-83a1-91960c615cb9/resourceGroups/myResourceGroup",
                        "attributes": {
                            "id": "/subscriptions/dbd0e577-a0ff-42b1-83a1-91960c615cb9/resourceGroups/myResourceGroup",
                            "location": "eastus",
                            "name": "myResourceGroup",
                            "tags.%": "1",
                            "tags.environment": "Terraform Demo"
                        },
                        "meta": {},
                        "tainted": false
                    },
                    "deposed": [],
                    "provider": "provider.azurerm"
                }
            },
            "depends_on": []
        }
    ]
}
